
Microsoft Visual Studio Solution File, Format Version 12.00
# Visual Studio Version 16
VisualStudioVersion = 16.0.29411.108
MinimumVisualStudioVersion = 10.0.40219.1
Project("{9A19103F-16F7-4668-BE54-9A1E7A4F7556}") = "P01_HospitalDatabase", "HospitalDBExercise\P01_HospitalDatabase.csproj", "{6871F9E5-0A54-4605-A707-0512641A7F0D}"
EndProject
Project("{FAE04EC0-301F-11D3-BF4B-00C04F79EFBC}") = "P03_SalesDatabase", "P03_SalesDatabase\P03_SalesDatabase.csproj", "{044A38E5-C987-49D4-B9AE-FD461A8EF25B}"
EndProject
Global
	GlobalSection(SolutionConfigurationPlatforms) = preSolution
		Debug|Any CPU = Debug|Any CPU
		Release|Any CPU = Release|Any CPU
	EndGlobalSection
	GlobalSection(ProjectConfigurationPlatforms) = postSolution
		{6871F9E5-0A54-4605-A707-0512641A7F0D}.Debug|Any CPU.ActiveCfg = Debug|Any CPU
		{6871F9E5-0A54-4605-A707-0512641A7F0D}.Debug|Any CPU.Build.0 = Debug|Any CPU
		{6871F9E5-0A54-4605-A707-0512641A7F0D}.Release|Any CPU.ActiveCfg = Release|Any CPU
		{6871F9E5-0A54-4605-A707-0512641A7F0D}.Release|Any CPU.Build.0 = Release|Any CPU
		{044A38E5-C987-49D4-B9AE-FD461A8EF25B}.Debug|Any CPU.ActiveCfg = Debug|Any CPU
		{044A38E5-C987-49D4-B9AE-FD461A8EF25B}.Debug|Any CPU.Build.0 = Debug|Any CPU
		{044A38E5-C987-49D4-B9AE-FD461A8EF25B}.Release|Any CPU.ActiveCfg = Release|Any CPU
		{044A38E5-C987-49D4-B9AE-FD461A8EF25B}.Release|Any CPU.Build.0 = Release|Any CPU
	EndGlobalSection
	GlobalSection(SolutionProperties) = preSolution
		HideSolutionNode = FALSE
	EndGlobalSection
	GlobalSection(ExtensibilityGlobals) = postSolution
		SolutionGuid = {8B483365-352B-4A8A-A0CE-2DDDBAC1DE3A}
	EndGlobalSection
EndGlobal
